
Microsoft Visual Studio Solution File, Format Version 12.00
# Visual Studio Version 17
VisualStudioVersion = 17.4.33213.308
MinimumVisualStudioVersion = 10.0.40219.1
Project("{9A19103F-16F7-4668-BE54-9A1E7A4F7556}") = "MES_ReportForms.API", "MES_ReportForms.API\MES_ReportForms.API.csproj", "{3B4E401F-DFB8-420B-B53C-EA3F03118B1B}"
EndProject
Project("{9A19103F-16F7-4668-BE54-9A1E7A4F7556}") = "MES_ReportForms.Core", "MES_ReportForms.Core\MES_ReportForms.Core.csproj", "{11296FF1-E4D4-4351-8616-266574B76CA8}"
EndProject
Global
	GlobalSection(SolutionConfigurationPlatforms) = preSolution
		Debug|Any CPU = Debug|Any CPU
		Release|Any CPU = Release|Any CPU
	EndGlobalSection
	GlobalSection(ProjectConfigurationPlatforms) = postSolution
		{3B4E401F-DFB8-420B-B53C-EA3F03118B1B}.Debug|Any CPU.ActiveCfg = Debug|Any CPU
		{3B4E401F-DFB8-420B-B53C-EA3F03118B1B}.Debug|Any CPU.Build.0 = Debug|Any CPU
		{3B4E401F-DFB8-420B-B53C-EA3F03118B1B}.Release|Any CPU.ActiveCfg = Release|Any CPU
		{3B4E401F-DFB8-420B-B53C-EA3F03118B1B}.Release|Any CPU.Build.0 = Release|Any CPU
		{11296FF1-E4D4-4351-8616-266574B76CA8}.Debug|Any CPU.ActiveCfg = Debug|Any CPU
		{11296FF1-E4D4-4351-8616-266574B76CA8}.Debug|Any CPU.Build.0 = Debug|Any CPU
		{11296FF1-E4D4-4351-8616-266574B76CA8}.Release|Any CPU.ActiveCfg = Release|Any CPU
		{11296FF1-E4D4-4351-8616-266574B76CA8}.Release|Any CPU.Build.0 = Release|Any CPU
	EndGlobalSection
	GlobalSection(SolutionProperties) = preSolution
		HideSolutionNode = FALSE
	EndGlobalSection
	GlobalSection(ExtensibilityGlobals) = postSolution
		SolutionGuid = {0D38E033-9896-4962-BF04-DAA5570F44EB}
	EndGlobalSection
EndGlobal
